
Microsoft Visual Studio Solution File, Format Version 12.00
# Visual Studio 15
VisualStudioVersion = 15.0.28307.705
MinimumVisualStudioVersion = 10.0.40219.1
Project("{FAE04EC0-301F-11D3-BF4B-00C04F79EFBC}") = "TemperaturePrediction.Data", "TemperaturePrediction\TemperaturePrediction.Data.csproj", "{6A137BCF-A4C0-461D-80DB-03DD8C6BD75F}"
EndProject
Project("{FAE04EC0-301F-11D3-BF4B-00C04F79EFBC}") = "TemperaturePrediction.Model", "TemperaturePrediction.Model\TemperaturePrediction.Model.csproj", "{5FF4448B-4DDD-41FB-A396-846A72906FC9}"
EndProject
Project("{FAE04EC0-301F-11D3-BF4B-00C04F79EFBC}") = "TemperaturePrediction.UI", "TemperaturePrediction.UI\TemperaturePrediction.UI.csproj", "{4325BA60-F5DD-40E6-AF27-A0312A87E5C1}"
EndProject
Project("{FAE04EC0-301F-11D3-BF4B-00C04F79EFBC}") = "TemperaturePrediction.ConsoleClient", "TemperaturePrediction.ConsoleClient\TemperaturePrediction.ConsoleClient.csproj", "{20A31FE9-9F70-4322-B5E6-6C9BA79D58E6}"
EndProject
Project("{FAE04EC0-301F-11D3-BF4B-00C04F79EFBC}") = "WorldWeatherOnline", "TemperaturePrediction.WorldWeatherOnline\WorldWeatherOnline.csproj", "{3836219B-2912-4957-9361-E68AC325604E}"
EndProject
Global
	GlobalSection(SolutionConfigurationPlatforms) = preSolution
		Debug|Any CPU = Debug|Any CPU
		Release|Any CPU = Release|Any CPU
	EndGlobalSection
	GlobalSection(ProjectConfigurationPlatforms) = postSolution
		{6A137BCF-A4C0-461D-80DB-03DD8C6BD75F}.Debug|Any CPU.ActiveCfg = Debug|Any CPU
		{6A137BCF-A4C0-461D-80DB-03DD8C6BD75F}.Debug|Any CPU.Build.0 = Debug|Any CPU
		{6A137BCF-A4C0-461D-80DB-03DD8C6BD75F}.Release|Any CPU.ActiveCfg = Release|Any CPU
		{6A137BCF-A4C0-461D-80DB-03DD8C6BD75F}.Release|Any CPU.Build.0 = Release|Any CPU
		{5FF4448B-4DDD-41FB-A396-846A72906FC9}.Debug|Any CPU.ActiveCfg = Debug|Any CPU
		{5FF4448B-4DDD-41FB-A396-846A72906FC9}.Debug|Any CPU.Build.0 = Debug|Any CPU
		{5FF4448B-4DDD-41FB-A396-846A72906FC9}.Release|Any CPU.ActiveCfg = Release|Any CPU
		{5FF4448B-4DDD-41FB-A396-846A72906FC9}.Release|Any CPU.Build.0 = Release|Any CPU
		{4325BA60-F5DD-40E6-AF27-A0312A87E5C1}.Debug|Any CPU.ActiveCfg = Debug|Any CPU
		{4325BA60-F5DD-40E6-AF27-A0312A87E5C1}.Debug|Any CPU.Build.0 = Debug|Any CPU
		{4325BA60-F5DD-40E6-AF27-A0312A87E5C1}.Release|Any CPU.ActiveCfg = Release|Any CPU
		{4325BA60-F5DD-40E6-AF27-A0312A87E5C1}.Release|Any CPU.Build.0 = Release|Any CPU
		{20A31FE9-9F70-4322-B5E6-6C9BA79D58E6}.Debug|Any CPU.ActiveCfg = Debug|Any CPU
		{20A31FE9-9F70-4322-B5E6-6C9BA79D58E6}.Debug|Any CPU.Build.0 = Debug|Any CPU
		{20A31FE9-9F70-4322-B5E6-6C9BA79D58E6}.Release|Any CPU.ActiveCfg = Release|Any CPU
		{20A31FE9-9F70-4322-B5E6-6C9BA79D58E6}.Release|Any CPU.Build.0 = Release|Any CPU
		{3836219B-2912-4957-9361-E68AC325604E}.Debug|Any CPU.ActiveCfg = Debug|Any CPU
		{3836219B-2912-4957-9361-E68AC325604E}.Debug|Any CPU.Build.0 = Debug|Any CPU
		{3836219B-2912-4957-9361-E68AC325604E}.Release|Any CPU.ActiveCfg = Release|Any CPU
		{3836219B-2912-4957-9361-E68AC325604E}.Release|Any CPU.Build.0 = Release|Any CPU
	EndGlobalSection
	GlobalSection(SolutionProperties) = preSolution
		HideSolutionNode = FALSE
	EndGlobalSection
	GlobalSection(ExtensibilityGlobals) = postSolution
		SolutionGuid = {BFBD8B2D-15DC-4F7B-8ABE-F57FCDEFD828}
	EndGlobalSection
EndGlobal
